
Microsoft Visual Studio Solution File, Format Version 12.00
# Visual Studio 15
VisualStudioVersion = 15.0.27130.2020
MinimumVisualStudioVersion = 10.0.40219.1
Project("{FAE04EC0-301F-11D3-BF4B-00C04F79EFBC}") = "LoopingConsole", "LoopingConsole\LoopingConsole.csproj", "{DB60E84A-BE8A-4B12-B3C8-03E7ADA75C80}"
EndProject
Global
	GlobalSection(SolutionConfigurationPlatforms) = preSolution
		Debug|Any CPU = Debug|Any CPU
		Release|Any CPU = Release|Any CPU
	EndGlobalSection
	GlobalSection(ProjectConfigurationPlatforms) = postSolution
		{DB60E84A-BE8A-4B12-B3C8-03E7ADA75C80}.Debug|Any CPU.ActiveCfg = Debug|Any CPU
		{DB60E84A-BE8A-4B12-B3C8-03E7ADA75C80}.Debug|Any CPU.Build.0 = Debug|Any CPU
		{DB60E84A-BE8A-4B12-B3C8-03E7ADA75C80}.Release|Any CPU.ActiveCfg = Release|Any CPU
		{DB60E84A-BE8A-4B12-B3C8-03E7ADA75C80}.Release|Any CPU.Build.0 = Release|Any CPU
	EndGlobalSection
	GlobalSection(SolutionProperties) = preSolution
		HideSolutionNode = FALSE
	EndGlobalSection
	GlobalSection(ExtensibilityGlobals) = postSolution
		SolutionGuid = {63B03FA3-E9FB-4656-84EC-00B54667C15C}
	EndGlobalSection
EndGlobal
